
Microsoft Visual Studio Solution File, Format Version 12.00
# Visual Studio Version 17
VisualStudioVersion = 17.0.31903.59
MinimumVisualStudioVersion = 10.0.40219.1
Project("{2150E333-8FDC-42A3-9474-1A3956D46DE8}") = "src", "src", "{827E0CD3-B72D-47B6-A68D-7590B98EB39B}"
EndProject
Project("{FAE04EC0-301F-11D3-BF4B-00C04F79EFBC}") = "MinecraftServerManager.Core", "src\MinecraftServerManager.Core\MinecraftServerManager.Core.csproj", "{39F1D638-EE3C-499A-8310-B782F8263627}"
EndProject
Project("{FAE04EC0-301F-11D3-BF4B-00C04F79EFBC}") = "MinecraftServerManager.App", "src\MinecraftServerManager.App\MinecraftServerManager.App.csproj", "{C00517D4-6F7E-4CDA-8C6C-C41C63244820}"
EndProject
Project("{FAE04EC0-301F-11D3-BF4B-00C04F79EFBC}") = "MinecraftServerManager.Remote", "src\MinecraftServerManager.Remote\MinecraftServerManager.Remote.csproj", "{9D68DA0C-E912-4C44-8918-91A353310B5C}"
EndProject
Project("{2150E333-8FDC-42A3-9474-1A3956D46DE8}") = "tests", "tests", "{0AB3BF05-4346-4AA6-1389-037BE0695223}"
EndProject
Project("{FAE04EC0-301F-11D3-BF4B-00C04F79EFBC}") = "MinecraftServerManager.Core.Tests", "tests\MinecraftServerManager.Core.Tests\MinecraftServerManager.Core.Tests.csproj", "{5FA5089F-8A39-412C-82B4-3B68AA761241}"
EndProject
Project("{FAE04EC0-301F-11D3-BF4B-00C04F79EFBC}") = "MinecraftServerManager.App.Tests", "tests\MinecraftServerManager.App.Tests\MinecraftServerManager.App.Tests.csproj", "{8D38FC10-25DD-47ED-8CB4-2FD2176164EA}"
EndProject
Project("{FAE04EC0-301F-11D3-BF4B-00C04F79EFBC}") = "MinecraftServerManager.Remote.Tests", "tests\MinecraftServerManager.Remote.Tests\MinecraftServerManager.Remote.Tests.csproj", "{87F29666-801E-4AB8-BA2A-4866BAF56638}"
EndProject
Project("{FAE04EC0-301F-11D3-BF4B-00C04F79EFBC}") = "MinecraftServerManager.Contracts", "src\MinecraftServerManager.Contracts\MinecraftServerManager.Contracts.csproj", "{5EDFBC15-3055-4A9F-853D-396DE24FF847}"
EndProject
Project("{FAE04EC0-301F-11D3-BF4B-00C04F79EFBC}") = "MinecraftServerManager.Service", "src\MinecraftServerManager.Service\MinecraftServerManager.Service.csproj", "{7BB08A23-56B8-491E-A41C-27649A541379}"
EndProject
Project("{FAE04EC0-301F-11D3-BF4B-00C04F79EFBC}") = "MinecraftServerManager.Contracts.Tests", "tests\MinecraftServerManager.Contracts.Tests\MinecraftServerManager.Contracts.Tests.csproj", "{4EC25CC8-99AB-4D78-8958-D35602155F3A}"
EndProject
Project("{FAE04EC0-301F-11D3-BF4B-00C04F79EFBC}") = "MinecraftServerManager.Service.Tests", "tests\MinecraftServerManager.Service.Tests\MinecraftServerManager.Service.Tests.csproj", "{6A2F84AA-8AFF-4AD5-BF62-CA4CAC088BB0}"
EndProject
Project("{FAE04EC0-301F-11D3-BF4B-00C04F79EFBC}") = "MinecraftServerManager.Data", "src\MinecraftServerManager.Data\MinecraftServerManager.Data.csproj", "{A2CDB865-4286-4E40-BCE5-59D4B0F93542}"
EndProject
Project("{FAE04EC0-301F-11D3-BF4B-00C04F79EFBC}") = "MinecraftServerManager.Data.Tests", "tests\MinecraftServerManager.Data.Tests\MinecraftServerManager.Data.Tests.csproj", "{F8A18641-98CA-49D2-A4A1-AF907F82EE80}"
EndProject
Project("{FAE04EC0-301F-11D3-BF4B-00C04F79EFBC}") = "MinecraftServerManager.Notifications", "src\MinecraftServerManager.Notifications\MinecraftServerManager.Notifications.csproj", "{C52BD55D-9839-479B-8846-CC104453974B}"
EndProject
Project("{FAE04EC0-301F-11D3-BF4B-00C04F79EFBC}") = "MinecraftServerManager.Notifications.Tests", "tests\MinecraftServerManager.Notifications.Tests\MinecraftServerManager.Notifications.Tests.csproj", "{9210640D-E741-4F45-959C-914144FDE847}"
EndProject
Project("{FAE04EC0-301F-11D3-BF4B-00C04F79EFBC}") = "MinecraftServerManager.Updater", "src\MinecraftServerManager.Updater\MinecraftServerManager.Updater.csproj", "{0A5DA6F9-5D39-41A3-A5E7-B0E9DAFF2338}"
EndProject
Project("{FAE04EC0-301F-11D3-BF4B-00C04F79EFBC}") = "MinecraftServerManager.Installer", "src\MinecraftServerManager.Installer\MinecraftServerManager.Installer.csproj", "{C69EC553-895E-4F52-9755-B55944488802}"
EndProject
Project("{FAE04EC0-301F-11D3-BF4B-00C04F79EFBC}") = "MinecraftServerManager.Updater.Tests", "tests\MinecraftServerManager.Updater.Tests\MinecraftServerManager.Updater.Tests.csproj", "{D4E1CB2B-A7D9-4353-B3B9-4A1FDE8AD079}"
EndProject
Project("{FAE04EC0-301F-11D3-BF4B-00C04F79EFBC}") = "MinecraftServerManager.Client", "src\MinecraftServerManager.Client\MinecraftServerManager.Client.csproj", "{E1A34277-BA76-4B13-AE5E-E451E19AA561}"
EndProject
Project("{FAE04EC0-301F-11D3-BF4B-00C04F79EFBC}") = "MinecraftServerManager.Client.Tests", "tests\MinecraftServerManager.Client.Tests\MinecraftServerManager.Client.Tests.csproj", "{D360C42A-72A3-4A89-81B1-56D0F62C3282}"
EndProject
Project("{FAE04EC0-301F-11D3-BF4B-00C04F79EFBC}") = "MinecraftServerManager.ProviderHost", "src\MinecraftServerManager.ProviderHost\MinecraftServerManager.ProviderHost.csproj", "{74BC424E-F0CD-4157-BDA0-3F58630C0C70}"
EndProject
Project("{FAE04EC0-301F-11D3-BF4B-00C04F79EFBC}") = "MinecraftServerManager.ProviderHost.Tests", "tests\MinecraftServerManager.ProviderHost.Tests\MinecraftServerManager.ProviderHost.Tests.csproj", "{BC1695A0-2BE0-4CAE-9A1A-2AEB7D0B863E}"
EndProject
Project("{FAE04EC0-301F-11D3-BF4B-00C04F79EFBC}") = "MinecraftServerManager.BuiltinProvider", "src\MinecraftServerManager.BuiltinProvider\MinecraftServerManager.BuiltinProvider.csproj", "{98DAD2E3-B7AB-4094-BEB5-DA16FB67E2C9}"
EndProject
Project("{FAE04EC0-301F-11D3-BF4B-00C04F79EFBC}") = "MinecraftServerManager.ProviderHost.HostileProvider", "tests\MinecraftServerManager.ProviderHost.HostileProvider\MinecraftServerManager.ProviderHost.HostileProvider.csproj", "{EA28D318-AF85-47F1-B72C-AB5758A8D34A}"
EndProject
Project("{FAE04EC0-301F-11D3-BF4B-00C04F79EFBC}") = "MinecraftServerManager.GameClient.Contracts", "src\MinecraftServerManager.GameClient.Contracts\MinecraftServerManager.GameClient.Contracts.csproj", "{63106D9C-D5AE-4E2C-8247-DB266E763F16}"
EndProject
Project("{FAE04EC0-301F-11D3-BF4B-00C04F79EFBC}") = "MinecraftServerManager.GameClient", "src\MinecraftServerManager.GameClient\MinecraftServerManager.GameClient.csproj", "{CEC4BD3A-FD75-4181-94C7-C09D1BBBDE7C}"
EndProject
Project("{FAE04EC0-301F-11D3-BF4B-00C04F79EFBC}") = "MinecraftServerManager.GameClient.Tests", "tests\MinecraftServerManager.GameClient.Tests\MinecraftServerManager.GameClient.Tests.csproj", "{4475CFCA-1799-47B9-B30A-216508A8DF96}"
EndProject
Global
	GlobalSection(SolutionConfigurationPlatforms) = preSolution
		Debug|Any CPU = Debug|Any CPU
		Debug|x64 = Debug|x64
		Debug|x86 = Debug|x86
		Release|Any CPU = Release|Any CPU
		Release|x64 = Release|x64
		Release|x86 = Release|x86
	EndGlobalSection
	GlobalSection(ProjectConfigurationPlatforms) = postSolution
		{39F1D638-EE3C-499A-8310-B782F8263627}.Debug|Any CPU.ActiveCfg = Debug|Any CPU
		{39F1D638-EE3C-499A-8310-B782F8263627}.Debug|Any CPU.Build.0 = Debug|Any CPU
		{39F1D638-EE3C-499A-8310-B782F8263627}.Debug|x64.ActiveCfg = Debug|Any CPU
		{39F1D638-EE3C-499A-8310-B782F8263627}.Debug|x64.Build.0 = Debug|Any CPU
		{39F1D638-EE3C-499A-8310-B782F8263627}.Debug|x86.ActiveCfg = Debug|Any CPU
		{39F1D638-EE3C-499A-8310-B782F8263627}.Debug|x86.Build.0 = Debug|Any CPU
		{39F1D638-EE3C-499A-8310-B782F8263627}.Release|Any CPU.ActiveCfg = Release|Any CPU
		{39F1D638-EE3C-499A-8310-B782F8263627}.Release|Any CPU.Build.0 = Release|Any CPU
		{39F1D638-EE3C-499A-8310-B782F8263627}.Release|x64.ActiveCfg = Release|Any CPU
		{39F1D638-EE3C-499A-8310-B782F8263627}.Release|x64.Build.0 = Release|Any CPU
		{39F1D638-EE3C-499A-8310-B782F8263627}.Release|x86.ActiveCfg = Release|Any CPU
		{39F1D638-EE3C-499A-8310-B782F8263627}.Release|x86.Build.0 = Release|Any CPU
		{C00517D4-6F7E-4CDA-8C6C-C41C63244820}.Debug|Any CPU.ActiveCfg = Debug|Any CPU
		{C00517D4-6F7E-4CDA-8C6C-C41C63244820}.Debug|Any CPU.Build.0 = Debug|Any CPU
		{C00517D4-6F7E-4CDA-8C6C-C41C63244820}.Debug|x64.ActiveCfg = Debug|Any CPU
		{C00517D4-6F7E-4CDA-8C6C-C41C63244820}.Debug|x64.Build.0 = Debug|Any CPU
		{C00517D4-6F7E-4CDA-8C6C-C41C63244820}.Debug|x86.ActiveCfg = Debug|Any CPU
		{C00517D4-6F7E-4CDA-8C6C-C41C63244820}.Debug|x86.Build.0 = Debug|Any CPU
		{C00517D4-6F7E-4CDA-8C6C-C41C63244820}.Release|Any CPU.ActiveCfg = Release|Any CPU
		{C00517D4-6F7E-4CDA-8C6C-C41C63244820}.Release|Any CPU.Build.0 = Release|Any CPU
		{C00517D4-6F7E-4CDA-8C6C-C41C63244820}.Release|x64.ActiveCfg = Release|Any CPU
		{C00517D4-6F7E-4CDA-8C6C-C41C63244820}.Release|x64.Build.0 = Release|Any CPU
		{C00517D4-6F7E-4CDA-8C6C-C41C63244820}.Release|x86.ActiveCfg = Release|Any CPU
		{C00517D4-6F7E-4CDA-8C6C-C41C63244820}.Release|x86.Build.0 = Release|Any CPU
		{9D68DA0C-E912-4C44-8918-91A353310B5C}.Debug|Any CPU.ActiveCfg = Debug|Any CPU
		{9D68DA0C-E912-4C44-8918-91A353310B5C}.Debug|Any CPU.Build.0 = Debug|Any CPU
		{9D68DA0C-E912-4C44-8918-91A353310B5C}.Debug|x64.ActiveCfg = Debug|Any CPU
		{9D68DA0C-E912-4C44-8918-91A353310B5C}.Debug|x64.Build.0 = Debug|Any CPU
		{9D68DA0C-E912-4C44-8918-91A353310B5C}.Debug|x86.ActiveCfg = Debug|Any CPU
		{9D68DA0C-E912-4C44-8918-91A353310B5C}.Debug|x86.Build.0 = Debug|Any CPU
		{9D68DA0C-E912-4C44-8918-91A353310B5C}.Release|Any CPU.ActiveCfg = Release|Any CPU
		{9D68DA0C-E912-4C44-8918-91A353310B5C}.Release|Any CPU.Build.0 = Release|Any CPU
		{9D68DA0C-E912-4C44-8918-91A353310B5C}.Release|x64.ActiveCfg = Release|Any CPU
		{9D68DA0C-E912-4C44-8918-91A353310B5C}.Release|x64.Build.0 = Release|Any CPU
		{9D68DA0C-E912-4C44-8918-91A353310B5C}.Release|x86.ActiveCfg = Release|Any CPU
		{9D68DA0C-E912-4C44-8918-91A353310B5C}.Release|x86.Build.0 = Release|Any CPU
		{5FA5089F-8A39-412C-82B4-3B68AA761241}.Debug|Any CPU.ActiveCfg = Debug|Any CPU
		{5FA5089F-8A39-412C-82B4-3B68AA761241}.Debug|Any CPU.Build.0 = Debug|Any CPU
		{5FA5089F-8A39-412C-82B4-3B68AA761241}.Debug|x64.ActiveCfg = Debug|Any CPU
		{5FA5089F-8A39-412C-82B4-3B68AA761241}.Debug|x64.Build.0 = Debug|Any CPU
		{5FA5089F-8A39-412C-82B4-3B68AA761241}.Debug|x86.ActiveCfg = Debug|Any CPU
		{5FA5089F-8A39-412C-82B4-3B68AA761241}.Debug|x86.Build.0 = Debug|Any CPU
		{5FA5089F-8A39-412C-82B4-3B68AA761241}.Release|Any CPU.ActiveCfg = Release|Any CPU
		{5FA5089F-8A39-412C-82B4-3B68AA761241}.Release|Any CPU.Build.0 = Release|Any CPU
		{5FA5089F-8A39-412C-82B4-3B68AA761241}.Release|x64.ActiveCfg = Release|Any CPU
		{5FA5089F-8A39-412C-82B4-3B68AA761241}.Release|x64.Build.0 = Release|Any CPU
		{5FA5089F-8A39-412C-82B4-3B68AA761241}.Release|x86.ActiveCfg = Release|Any CPU
		{5FA5089F-8A39-412C-82B4-3B68AA761241}.Release|x86.Build.0 = Release|Any CPU
		{8D38FC10-25DD-47ED-8CB4-2FD2176164EA}.Debug|Any CPU.ActiveCfg = Debug|Any CPU
		{8D38FC10-25DD-47ED-8CB4-2FD2176164EA}.Debug|Any CPU.Build.0 = Debug|Any CPU
		{8D38FC10-25DD-47ED-8CB4-2FD2176164EA}.Debug|x64.ActiveCfg = Debug|Any CPU
		{8D38FC10-25DD-47ED-8CB4-2FD2176164EA}.Debug|x64.Build.0 = Debug|Any CPU
		{8D38FC10-25DD-47ED-8CB4-2FD2176164EA}.Debug|x86.ActiveCfg = Debug|Any CPU
		{8D38FC10-25DD-47ED-8CB4-2FD2176164EA}.Debug|x86.Build.0 = Debug|Any CPU
		{8D38FC10-25DD-47ED-8CB4-2FD2176164EA}.Release|Any CPU.ActiveCfg = Release|Any CPU
		{8D38FC10-25DD-47ED-8CB4-2FD2176164EA}.Release|Any CPU.Build.0 = Release|Any CPU
		{8D38FC10-25DD-47ED-8CB4-2FD2176164EA}.Release|x64.ActiveCfg = Release|Any CPU
		{8D38FC10-25DD-47ED-8CB4-2FD2176164EA}.Release|x64.Build.0 = Release|Any CPU
		{8D38FC10-25DD-47ED-8CB4-2FD2176164EA}.Release|x86.ActiveCfg = Release|Any CPU
		{8D38FC10-25DD-47ED-8CB4-2FD2176164EA}.Release|x86.Build.0 = Release|Any CPU
		{87F29666-801E-4AB8-BA2A-4866BAF56638}.Debug|Any CPU.ActiveCfg = Debug|Any CPU
		{87F29666-801E-4AB8-BA2A-4866BAF56638}.Debug|Any CPU.Build.0 = Debug|Any CPU
		{87F29666-801E-4AB8-BA2A-4866BAF56638}.Debug|x64.ActiveCfg = Debug|Any CPU
		{87F29666-801E-4AB8-BA2A-4866BAF56638}.Debug|x64.Build.0 = Debug|Any CPU
		{87F29666-801E-4AB8-BA2A-4866BAF56638}.Debug|x86.ActiveCfg = Debug|Any CPU
		{87F29666-801E-4AB8-BA2A-4866BAF56638}.Debug|x86.Build.0 = Debug|Any CPU
		{87F29666-801E-4AB8-BA2A-4866BAF56638}.Release|Any CPU.ActiveCfg = Release|Any CPU
		{87F29666-801E-4AB8-BA2A-4866BAF56638}.Release|Any CPU.Build.0 = Release|Any CPU
		{87F29666-801E-4AB8-BA2A-4866BAF56638}.Release|x64.ActiveCfg = Release|Any CPU
		{87F29666-801E-4AB8-BA2A-4866BAF56638}.Release|x64.Build.0 = Release|Any CPU
		{87F29666-801E-4AB8-BA2A-4866BAF56638}.Release|x86.ActiveCfg = Release|Any CPU
		{87F29666-801E-4AB8-BA2A-4866BAF56638}.Release|x86.Build.0 = Release|Any CPU
		{5EDFBC15-3055-4A9F-853D-396DE24FF847}.Debug|Any CPU.ActiveCfg = Debug|Any CPU
		{5EDFBC15-3055-4A9F-853D-396DE24FF847}.Debug|Any CPU.Build.0 = Debug|Any CPU
		{5EDFBC15-3055-4A9F-853D-396DE24FF847}.Debug|x64.ActiveCfg = Debug|Any CPU
		{5EDFBC15-3055-4A9F-853D-396DE24FF847}.Debug|x64.Build.0 = Debug|Any CPU
		{5EDFBC15-3055-4A9F-853D-396DE24FF847}.Debug|x86.ActiveCfg = Debug|Any CPU
		{5EDFBC15-3055-4A9F-853D-396DE24FF847}.Debug|x86.Build.0 = Debug|Any CPU
		{5EDFBC15-3055-4A9F-853D-396DE24FF847}.Release|Any CPU.ActiveCfg = Release|Any CPU
		{5EDFBC15-3055-4A9F-853D-396DE24FF847}.Release|Any CPU.Build.0 = Release|Any CPU
		{5EDFBC15-3055-4A9F-853D-396DE24FF847}.Release|x64.ActiveCfg = Release|Any CPU
		{5EDFBC15-3055-4A9F-853D-396DE24FF847}.Release|x64.Build.0 = Release|Any CPU
		{5EDFBC15-3055-4A9F-853D-396DE24FF847}.Release|x86.ActiveCfg = Release|Any CPU
		{5EDFBC15-3055-4A9F-853D-396DE24FF847}.Release|x86.Build.0 = Release|Any CPU
		{7BB08A23-56B8-491E-A41C-27649A541379}.Debug|Any CPU.ActiveCfg = Debug|Any CPU
		{7BB08A23-56B8-491E-A41C-27649A541379}.Debug|Any CPU.Build.0 = Debug|Any CPU
		{7BB08A23-56B8-491E-A41C-27649A541379}.Debug|x64.ActiveCfg = Debug|Any CPU
		{7BB08A23-56B8-491E-A41C-27649A541379}.Debug|x64.Build.0 = Debug|Any CPU
		{7BB08A23-56B8-491E-A41C-27649A541379}.Debug|x86.ActiveCfg = Debug|Any CPU
		{7BB08A23-56B8-491E-A41C-27649A541379}.Debug|x86.Build.0 = Debug|Any CPU
		{7BB08A23-56B8-491E-A41C-27649A541379}.Release|Any CPU.ActiveCfg = Release|Any CPU
		{7BB08A23-56B8-491E-A41C-27649A541379}.Release|Any CPU.Build.0 = Release|Any CPU
		{7BB08A23-56B8-491E-A41C-27649A541379}.Release|x64.ActiveCfg = Release|Any CPU
		{7BB08A23-56B8-491E-A41C-27649A541379}.Release|x64.Build.0 = Release|Any CPU
		{7BB08A23-56B8-491E-A41C-27649A541379}.Release|x86.ActiveCfg = Release|Any CPU
		{7BB08A23-56B8-491E-A41C-27649A541379}.Release|x86.Build.0 = Release|Any CPU
		{4EC25CC8-99AB-4D78-8958-D35602155F3A}.Debug|Any CPU.ActiveCfg = Debug|Any CPU
		{4EC25CC8-99AB-4D78-8958-D35602155F3A}.Debug|Any CPU.Build.0 = Debug|Any CPU
		{4EC25CC8-99AB-4D78-8958-D35602155F3A}.Debug|x64.ActiveCfg = Debug|Any CPU
		{4EC25CC8-99AB-4D78-8958-D35602155F3A}.Debug|x64.Build.0 = Debug|Any CPU
		{4EC25CC8-99AB-4D78-8958-D35602155F3A}.Debug|x86.ActiveCfg = Debug|Any CPU
		{4EC25CC8-99AB-4D78-8958-D35602155F3A}.Debug|x86.Build.0 = Debug|Any CPU
		{4EC25CC8-99AB-4D78-8958-D35602155F3A}.Release|Any CPU.ActiveCfg = Release|Any CPU
		{4EC25CC8-99AB-4D78-8958-D35602155F3A}.Release|Any CPU.Build.0 = Release|Any CPU
		{4EC25CC8-99AB-4D78-8958-D35602155F3A}.Release|x64.ActiveCfg = Release|Any CPU
		{4EC25CC8-99AB-4D78-8958-D35602155F3A}.Release|x64.Build.0 = Release|Any CPU
		{4EC25CC8-99AB-4D78-8958-D35602155F3A}.Release|x86.ActiveCfg = Release|Any CPU
		{4EC25CC8-99AB-4D78-8958-D35602155F3A}.Release|x86.Build.0 = Release|Any CPU
		{6A2F84AA-8AFF-4AD5-BF62-CA4CAC088BB0}.Debug|Any CPU.ActiveCfg = Debug|Any CPU
		{6A2F84AA-8AFF-4AD5-BF62-CA4CAC088BB0}.Debug|Any CPU.Build.0 = Debug|Any CPU
		{6A2F84AA-8AFF-4AD5-BF62-CA4CAC088BB0}.Debug|x64.ActiveCfg = Debug|Any CPU
		{6A2F84AA-8AFF-4AD5-BF62-CA4CAC088BB0}.Debug|x64.Build.0 = Debug|Any CPU
		{6A2F84AA-8AFF-4AD5-BF62-CA4CAC088BB0}.Debug|x86.ActiveCfg = Debug|Any CPU
		{6A2F84AA-8AFF-4AD5-BF62-CA4CAC088BB0}.Debug|x86.Build.0 = Debug|Any CPU
		{6A2F84AA-8AFF-4AD5-BF62-CA4CAC088BB0}.Release|Any CPU.ActiveCfg = Release|Any CPU
		{6A2F84AA-8AFF-4AD5-BF62-CA4CAC088BB0}.Release|Any CPU.Build.0 = Release|Any CPU
		{6A2F84AA-8AFF-4AD5-BF62-CA4CAC088BB0}.Release|x64.ActiveCfg = Release|Any CPU
		{6A2F84AA-8AFF-4AD5-BF62-CA4CAC088BB0}.Release|x64.Build.0 = Release|Any CPU
		{6A2F84AA-8AFF-4AD5-BF62-CA4CAC088BB0}.Release|x86.ActiveCfg = Release|Any CPU
		{6A2F84AA-8AFF-4AD5-BF62-CA4CAC088BB0}.Release|x86.Build.0 = Release|Any CPU
		{A2CDB865-4286-4E40-BCE5-59D4B0F93542}.Debug|Any CPU.ActiveCfg = Debug|Any CPU
		{A2CDB865-4286-4E40-BCE5-59D4B0F93542}.Debug|Any CPU.Build.0 = Debug|Any CPU
		{A2CDB865-4286-4E40-BCE5-59D4B0F93542}.Debug|x64.ActiveCfg = Debug|Any CPU
		{A2CDB865-4286-4E40-BCE5-59D4B0F93542}.Debug|x64.Build.0 = Debug|Any CPU
		{A2CDB865-4286-4E40-BCE5-59D4B0F93542}.Debug|x86.ActiveCfg = Debug|Any CPU
		{A2CDB865-4286-4E40-BCE5-59D4B0F93542}.Debug|x86.Build.0 = Debug|Any CPU
		{A2CDB865-4286-4E40-BCE5-59D4B0F93542}.Release|Any CPU.ActiveCfg = Release|Any CPU
		{A2CDB865-4286-4E40-BCE5-59D4B0F93542}.Release|Any CPU.Build.0 = Release|Any CPU
		{A2CDB865-4286-4E40-BCE5-59D4B0F93542}.Release|x64.ActiveCfg = Release|Any CPU
		{A2CDB865-4286-4E40-BCE5-59D4B0F93542}.Release|x64.Build.0 = Release|Any CPU
		{A2CDB865-4286-4E40-BCE5-59D4B0F93542}.Release|x86.ActiveCfg = Release|Any CPU
		{A2CDB865-4286-4E40-BCE5-59D4B0F93542}.Release|x86.Build.0 = Release|Any CPU
		{F8A18641-98CA-49D2-A4A1-AF907F82EE80}.Debug|Any CPU.ActiveCfg = Debug|Any CPU
		{F8A18641-98CA-49D2-A4A1-AF907F82EE80}.Debug|Any CPU.Build.0 = Debug|Any CPU
		{F8A18641-98CA-49D2-A4A1-AF907F82EE80}.Debug|x64.ActiveCfg = Debug|Any CPU
		{F8A18641-98CA-49D2-A4A1-AF907F82EE80}.Debug|x64.Build.0 = Debug|Any CPU
		{F8A18641-98CA-49D2-A4A1-AF907F82EE80}.Debug|x86.ActiveCfg = Debug|Any CPU
		{F8A18641-98CA-49D2-A4A1-AF907F82EE80}.Debug|x86.Build.0 = Debug|Any CPU
		{F8A18641-98CA-49D2-A4A1-AF907F82EE80}.Release|Any CPU.ActiveCfg = Release|Any CPU
		{F8A18641-98CA-49D2-A4A1-AF907F82EE80}.Release|Any CPU.Build.0 = Release|Any CPU
		{F8A18641-98CA-49D2-A4A1-AF907F82EE80}.Release|x64.ActiveCfg = Release|Any CPU
		{F8A18641-98CA-49D2-A4A1-AF907F82EE80}.Release|x64.Build.0 = Release|Any CPU
		{F8A18641-98CA-49D2-A4A1-AF907F82EE80}.Release|x86.ActiveCfg = Release|Any CPU
		{F8A18641-98CA-49D2-A4A1-AF907F82EE80}.Release|x86.Build.0 = Release|Any CPU
		{C52BD55D-9839-479B-8846-CC104453974B}.Debug|Any CPU.ActiveCfg = Debug|Any CPU
		{C52BD55D-9839-479B-8846-CC104453974B}.Debug|Any CPU.Build.0 = Debug|Any CPU
		{C52BD55D-9839-479B-8846-CC104453974B}.Debug|x64.ActiveCfg = Debug|Any CPU
		{C52BD55D-9839-479B-8846-CC104453974B}.Debug|x64.Build.0 = Debug|Any CPU
		{C52BD55D-9839-479B-8846-CC104453974B}.Debug|x86.ActiveCfg = Debug|Any CPU
		{C52BD55D-9839-479B-8846-CC104453974B}.Debug|x86.Build.0 = Debug|Any CPU
		{C52BD55D-9839-479B-8846-CC104453974B}.Release|Any CPU.ActiveCfg = Release|Any CPU
		{C52BD55D-9839-479B-8846-CC104453974B}.Release|Any CPU.Build.0 = Release|Any CPU
		{C52BD55D-9839-479B-8846-CC104453974B}.Release|x64.ActiveCfg = Release|Any CPU
		{C52BD55D-9839-479B-8846-CC104453974B}.Release|x64.Build.0 = Release|Any CPU
		{C52BD55D-9839-479B-8846-CC104453974B}.Release|x86.ActiveCfg = Release|Any CPU
		{C52BD55D-9839-479B-8846-CC104453974B}.Release|x86.Build.0 = Release|Any CPU
		{9210640D-E741-4F45-959C-914144FDE847}.Debug|Any CPU.ActiveCfg = Debug|Any CPU
		{9210640D-E741-4F45-959C-914144FDE847}.Debug|Any CPU.Build.0 = Debug|Any CPU
		{9210640D-E741-4F45-959C-914144FDE847}.Debug|x64.ActiveCfg = Debug|Any CPU
		{9210640D-E741-4F45-959C-914144FDE847}.Debug|x64.Build.0 = Debug|Any CPU
		{9210640D-E741-4F45-959C-914144FDE847}.Debug|x86.ActiveCfg = Debug|Any CPU
		{9210640D-E741-4F45-959C-914144FDE847}.Debug|x86.Build.0 = Debug|Any CPU
		{9210640D-E741-4F45-959C-914144FDE847}.Release|Any CPU.ActiveCfg = Release|Any CPU
		{9210640D-E741-4F45-959C-914144FDE847}.Release|Any CPU.Build.0 = Release|Any CPU
		{9210640D-E741-4F45-959C-914144FDE847}.Release|x64.ActiveCfg = Release|Any CPU
		{9210640D-E741-4F45-959C-914144FDE847}.Release|x64.Build.0 = Release|Any CPU
		{9210640D-E741-4F45-959C-914144FDE847}.Release|x86.ActiveCfg = Release|Any CPU
		{9210640D-E741-4F45-959C-914144FDE847}.Release|x86.Build.0 = Release|Any CPU
		{0A5DA6F9-5D39-41A3-A5E7-B0E9DAFF2338}.Debug|Any CPU.ActiveCfg = Debug|Any CPU
		{0A5DA6F9-5D39-41A3-A5E7-B0E9DAFF2338}.Debug|Any CPU.Build.0 = Debug|Any CPU
		{0A5DA6F9-5D39-41A3-A5E7-B0E9DAFF2338}.Debug|x64.ActiveCfg = Debug|Any CPU
		{0A5DA6F9-5D39-41A3-A5E7-B0E9DAFF2338}.Debug|x64.Build.0 = Debug|Any CPU
		{0A5DA6F9-5D39-41A3-A5E7-B0E9DAFF2338}.Debug|x86.ActiveCfg = Debug|Any CPU
		{0A5DA6F9-5D39-41A3-A5E7-B0E9DAFF2338}.Debug|x86.Build.0 = Debug|Any CPU
		{0A5DA6F9-5D39-41A3-A5E7-B0E9DAFF2338}.Release|Any CPU.ActiveCfg = Release|Any CPU
		{0A5DA6F9-5D39-41A3-A5E7-B0E9DAFF2338}.Release|Any CPU.Build.0 = Release|Any CPU
		{0A5DA6F9-5D39-41A3-A5E7-B0E9DAFF2338}.Release|x64.ActiveCfg = Release|Any CPU
		{0A5DA6F9-5D39-41A3-A5E7-B0E9DAFF2338}.Release|x64.Build.0 = Release|Any CPU
		{0A5DA6F9-5D39-41A3-A5E7-B0E9DAFF2338}.Release|x86.ActiveCfg = Release|Any CPU
		{0A5DA6F9-5D39-41A3-A5E7-B0E9DAFF2338}.Release|x86.Build.0 = Release|Any CPU
		{C69EC553-895E-4F52-9755-B55944488802}.Debug|Any CPU.ActiveCfg = Debug|Any CPU
		{C69EC553-895E-4F52-9755-B55944488802}.Debug|Any CPU.Build.0 = Debug|Any CPU
		{C69EC553-895E-4F52-9755-B55944488802}.Debug|x64.ActiveCfg = Debug|Any CPU
		{C69EC553-895E-4F52-9755-B55944488802}.Debug|x64.Build.0 = Debug|Any CPU
		{C69EC553-895E-4F52-9755-B55944488802}.Debug|x86.ActiveCfg = Debug|Any CPU
		{C69EC553-895E-4F52-9755-B55944488802}.Debug|x86.Build.0 = Debug|Any CPU
		{C69EC553-895E-4F52-9755-B55944488802}.Release|Any CPU.ActiveCfg = Release|Any CPU
		{C69EC553-895E-4F52-9755-B55944488802}.Release|Any CPU.Build.0 = Release|Any CPU
		{C69EC553-895E-4F52-9755-B55944488802}.Release|x64.ActiveCfg = Release|Any CPU
		{C69EC553-895E-4F52-9755-B55944488802}.Release|x64.Build.0 = Release|Any CPU
		{C69EC553-895E-4F52-9755-B55944488802}.Release|x86.ActiveCfg = Release|Any CPU
		{C69EC553-895E-4F52-9755-B55944488802}.Release|x86.Build.0 = Release|Any CPU
		{D4E1CB2B-A7D9-4353-B3B9-4A1FDE8AD079}.Debug|Any CPU.ActiveCfg = Debug|Any CPU
		{D4E1CB2B-A7D9-4353-B3B9-4A1FDE8AD079}.Debug|Any CPU.Build.0 = Debug|Any CPU
		{D4E1CB2B-A7D9-4353-B3B9-4A1FDE8AD079}.Debug|x64.ActiveCfg = Debug|Any CPU
		{D4E1CB2B-A7D9-4353-B3B9-4A1FDE8AD079}.Debug|x64.Build.0 = Debug|Any CPU
		{D4E1CB2B-A7D9-4353-B3B9-4A1FDE8AD079}.Debug|x86.ActiveCfg = Debug|Any CPU
		{D4E1CB2B-A7D9-4353-B3B9-4A1FDE8AD079}.Debug|x86.Build.0 = Debug|Any CPU
		{D4E1CB2B-A7D9-4353-B3B9-4A1FDE8AD079}.Release|Any CPU.ActiveCfg = Release|Any CPU
		{D4E1CB2B-A7D9-4353-B3B9-4A1FDE8AD079}.Release|Any CPU.Build.0 = Release|Any CPU
		{D4E1CB2B-A7D9-4353-B3B9-4A1FDE8AD079}.Release|x64.ActiveCfg = Release|Any CPU
		{D4E1CB2B-A7D9-4353-B3B9-4A1FDE8AD079}.Release|x64.Build.0 = Release|Any CPU
		{D4E1CB2B-A7D9-4353-B3B9-4A1FDE8AD079}.Release|x86.ActiveCfg = Release|Any CPU
		{D4E1CB2B-A7D9-4353-B3B9-4A1FDE8AD079}.Release|x86.Build.0 = Release|Any CPU
		{E1A34277-BA76-4B13-AE5E-E451E19AA561}.Debug|Any CPU.ActiveCfg = Debug|Any CPU
		{E1A34277-BA76-4B13-AE5E-E451E19AA561}.Debug|Any CPU.Build.0 = Debug|Any CPU
		{E1A34277-BA76-4B13-AE5E-E451E19AA561}.Debug|x64.ActiveCfg = Debug|Any CPU
		{E1A34277-BA76-4B13-AE5E-E451E19AA561}.Debug|x64.Build.0 = Debug|Any CPU
		{E1A34277-BA76-4B13-AE5E-E451E19AA561}.Debug|x86.ActiveCfg = Debug|Any CPU
		{E1A34277-BA76-4B13-AE5E-E451E19AA561}.Debug|x86.Build.0 = Debug|Any CPU
		{E1A34277-BA76-4B13-AE5E-E451E19AA561}.Release|Any CPU.ActiveCfg = Release|Any CPU
		{E1A34277-BA76-4B13-AE5E-E451E19AA561}.Release|Any CPU.Build.0 = Release|Any CPU
		{E1A34277-BA76-4B13-AE5E-E451E19AA561}.Release|x64.ActiveCfg = Release|Any CPU
		{E1A34277-BA76-4B13-AE5E-E451E19AA561}.Release|x64.Build.0 = Release|Any CPU
		{E1A34277-BA76-4B13-AE5E-E451E19AA561}.Release|x86.ActiveCfg = Release|Any CPU
		{E1A34277-BA76-4B13-AE5E-E451E19AA561}.Release|x86.Build.0 = Release|Any CPU
		{D360C42A-72A3-4A89-81B1-56D0F62C3282}.Debug|Any CPU.ActiveCfg = Debug|Any CPU
		{D360C42A-72A3-4A89-81B1-56D0F62C3282}.Debug|Any CPU.Build.0 = Debug|Any CPU
		{D360C42A-72A3-4A89-81B1-56D0F62C3282}.Debug|x64.ActiveCfg = Debug|Any CPU
		{D360C42A-72A3-4A89-81B1-56D0F62C3282}.Debug|x64.Build.0 = Debug|Any CPU
		{D360C42A-72A3-4A89-81B1-56D0F62C3282}.Debug|x86.ActiveCfg = Debug|Any CPU
		{D360C42A-72A3-4A89-81B1-56D0F62C3282}.Debug|x86.Build.0 = Debug|Any CPU
		{D360C42A-72A3-4A89-81B1-56D0F62C3282}.Release|Any CPU.ActiveCfg = Release|Any CPU
		{D360C42A-72A3-4A89-81B1-56D0F62C3282}.Release|Any CPU.Build.0 = Release|Any CPU
		{D360C42A-72A3-4A89-81B1-56D0F62C3282}.Release|x64.ActiveCfg = Release|Any CPU
		{D360C42A-72A3-4A89-81B1-56D0F62C3282}.Release|x64.Build.0 = Release|Any CPU
		{D360C42A-72A3-4A89-81B1-56D0F62C3282}.Release|x86.ActiveCfg = Release|Any CPU
		{D360C42A-72A3-4A89-81B1-56D0F62C3282}.Release|x86.Build.0 = Release|Any CPU
		{74BC424E-F0CD-4157-BDA0-3F58630C0C70}.Debug|Any CPU.ActiveCfg = Debug|Any CPU
		{74BC424E-F0CD-4157-BDA0-3F58630C0C70}.Debug|Any CPU.Build.0 = Debug|Any CPU
		{74BC424E-F0CD-4157-BDA0-3F58630C0C70}.Debug|x64.ActiveCfg = Debug|Any CPU
		{74BC424E-F0CD-4157-BDA0-3F58630C0C70}.Debug|x64.Build.0 = Debug|Any CPU
		{74BC424E-F0CD-4157-BDA0-3F58630C0C70}.Debug|x86.ActiveCfg = Debug|Any CPU
		{74BC424E-F0CD-4157-BDA0-3F58630C0C70}.Debug|x86.Build.0 = Debug|Any CPU
		{74BC424E-F0CD-4157-BDA0-3F58630C0C70}.Release|Any CPU.ActiveCfg = Release|Any CPU
		{74BC424E-F0CD-4157-BDA0-3F58630C0C70}.Release|Any CPU.Build.0 = Release|Any CPU
		{74BC424E-F0CD-4157-BDA0-3F58630C0C70}.Release|x64.ActiveCfg = Release|Any CPU
		{74BC424E-F0CD-4157-BDA0-3F58630C0C70}.Release|x64.Build.0 = Release|Any CPU
		{74BC424E-F0CD-4157-BDA0-3F58630C0C70}.Release|x86.ActiveCfg = Release|Any CPU
		{74BC424E-F0CD-4157-BDA0-3F58630C0C70}.Release|x86.Build.0 = Release|Any CPU
		{BC1695A0-2BE0-4CAE-9A1A-2AEB7D0B863E}.Debug|Any CPU.ActiveCfg = Debug|Any CPU
		{BC1695A0-2BE0-4CAE-9A1A-2AEB7D0B863E}.Debug|Any CPU.Build.0 = Debug|Any CPU
		{BC1695A0-2BE0-4CAE-9A1A-2AEB7D0B863E}.Debug|x64.ActiveCfg = Debug|Any CPU
		{BC1695A0-2BE0-4CAE-9A1A-2AEB7D0B863E}.Debug|x64.Build.0 = Debug|Any CPU
		{BC1695A0-2BE0-4CAE-9A1A-2AEB7D0B863E}.Debug|x86.ActiveCfg = Debug|Any CPU
		{BC1695A0-2BE0-4CAE-9A1A-2AEB7D0B863E}.Debug|x86.Build.0 = Debug|Any CPU
		{BC1695A0-2BE0-4CAE-9A1A-2AEB7D0B863E}.Release|Any CPU.ActiveCfg = Release|Any CPU
		{BC1695A0-2BE0-4CAE-9A1A-2AEB7D0B863E}.Release|Any CPU.Build.0 = Release|Any CPU
		{BC1695A0-2BE0-4CAE-9A1A-2AEB7D0B863E}.Release|x64.ActiveCfg = Release|Any CPU
		{BC1695A0-2BE0-4CAE-9A1A-2AEB7D0B863E}.Release|x64.Build.0 = Release|Any CPU
		{BC1695A0-2BE0-4CAE-9A1A-2AEB7D0B863E}.Release|x86.ActiveCfg = Release|Any CPU
		{BC1695A0-2BE0-4CAE-9A1A-2AEB7D0B863E}.Release|x86.Build.0 = Release|Any CPU
		{98DAD2E3-B7AB-4094-BEB5-DA16FB67E2C9}.Debug|Any CPU.ActiveCfg = Debug|Any CPU
		{98DAD2E3-B7AB-4094-BEB5-DA16FB67E2C9}.Debug|Any CPU.Build.0 = Debug|Any CPU
		{98DAD2E3-B7AB-4094-BEB5-DA16FB67E2C9}.Debug|x64.ActiveCfg = Debug|Any CPU
		{98DAD2E3-B7AB-4094-BEB5-DA16FB67E2C9}.Debug|x64.Build.0 = Debug|Any CPU
		{98DAD2E3-B7AB-4094-BEB5-DA16FB67E2C9}.Debug|x86.ActiveCfg = Debug|Any CPU
		{98DAD2E3-B7AB-4094-BEB5-DA16FB67E2C9}.Debug|x86.Build.0 = Debug|Any CPU
		{98DAD2E3-B7AB-4094-BEB5-DA16FB67E2C9}.Release|Any CPU.ActiveCfg = Release|Any CPU
		{98DAD2E3-B7AB-4094-BEB5-DA16FB67E2C9}.Release|Any CPU.Build.0 = Release|Any CPU
		{98DAD2E3-B7AB-4094-BEB5-DA16FB67E2C9}.Release|x64.ActiveCfg = Release|Any CPU
		{98DAD2E3-B7AB-4094-BEB5-DA16FB67E2C9}.Release|x64.Build.0 = Release|Any CPU
		{98DAD2E3-B7AB-4094-BEB5-DA16FB67E2C9}.Release|x86.ActiveCfg = Release|Any CPU
		{98DAD2E3-B7AB-4094-BEB5-DA16FB67E2C9}.Release|x86.Build.0 = Release|Any CPU
		{EA28D318-AF85-47F1-B72C-AB5758A8D34A}.Debug|Any CPU.ActiveCfg = Debug|Any CPU
		{EA28D318-AF85-47F1-B72C-AB5758A8D34A}.Debug|Any CPU.Build.0 = Debug|Any CPU
		{EA28D318-AF85-47F1-B72C-AB5758A8D34A}.Debug|x64.ActiveCfg = Debug|Any CPU
		{EA28D318-AF85-47F1-B72C-AB5758A8D34A}.Debug|x64.Build.0 = Debug|Any CPU
		{EA28D318-AF85-47F1-B72C-AB5758A8D34A}.Debug|x86.ActiveCfg = Debug|Any CPU
		{EA28D318-AF85-47F1-B72C-AB5758A8D34A}.Debug|x86.Build.0 = Debug|Any CPU
		{EA28D318-AF85-47F1-B72C-AB5758A8D34A}.Release|Any CPU.ActiveCfg = Release|Any CPU
		{EA28D318-AF85-47F1-B72C-AB5758A8D34A}.Release|Any CPU.Build.0 = Release|Any CPU
		{EA28D318-AF85-47F1-B72C-AB5758A8D34A}.Release|x64.ActiveCfg = Release|Any CPU
		{EA28D318-AF85-47F1-B72C-AB5758A8D34A}.Release|x64.Build.0 = Release|Any CPU
		{EA28D318-AF85-47F1-B72C-AB5758A8D34A}.Release|x86.ActiveCfg = Release|Any CPU
		{EA28D318-AF85-47F1-B72C-AB5758A8D34A}.Release|x86.Build.0 = Release|Any CPU
		{63106D9C-D5AE-4E2C-8247-DB266E763F16}.Debug|Any CPU.ActiveCfg = Debug|Any CPU
		{63106D9C-D5AE-4E2C-8247-DB266E763F16}.Debug|Any CPU.Build.0 = Debug|Any CPU
		{63106D9C-D5AE-4E2C-8247-DB266E763F16}.Debug|x64.ActiveCfg = Debug|Any CPU
		{63106D9C-D5AE-4E2C-8247-DB266E763F16}.Debug|x64.Build.0 = Debug|Any CPU
		{63106D9C-D5AE-4E2C-8247-DB266E763F16}.Debug|x86.ActiveCfg = Debug|Any CPU
		{63106D9C-D5AE-4E2C-8247-DB266E763F16}.Debug|x86.Build.0 = Debug|Any CPU
		{63106D9C-D5AE-4E2C-8247-DB266E763F16}.Release|Any CPU.ActiveCfg = Release|Any CPU
		{63106D9C-D5AE-4E2C-8247-DB266E763F16}.Release|Any CPU.Build.0 = Release|Any CPU
		{63106D9C-D5AE-4E2C-8247-DB266E763F16}.Release|x64.ActiveCfg = Release|Any CPU
		{63106D9C-D5AE-4E2C-8247-DB266E763F16}.Release|x64.Build.0 = Release|Any CPU
		{63106D9C-D5AE-4E2C-8247-DB266E763F16}.Release|x86.ActiveCfg = Release|Any CPU
		{63106D9C-D5AE-4E2C-8247-DB266E763F16}.Release|x86.Build.0 = Release|Any CPU
		{CEC4BD3A-FD75-4181-94C7-C09D1BBBDE7C}.Debug|Any CPU.ActiveCfg = Debug|Any CPU
		{CEC4BD3A-FD75-4181-94C7-C09D1BBBDE7C}.Debug|Any CPU.Build.0 = Debug|Any CPU
		{CEC4BD3A-FD75-4181-94C7-C09D1BBBDE7C}.Debug|x64.ActiveCfg = Debug|Any CPU
		{CEC4BD3A-FD75-4181-94C7-C09D1BBBDE7C}.Debug|x64.Build.0 = Debug|Any CPU
		{CEC4BD3A-FD75-4181-94C7-C09D1BBBDE7C}.Debug|x86.ActiveCfg = Debug|Any CPU
		{CEC4BD3A-FD75-4181-94C7-C09D1BBBDE7C}.Debug|x86.Build.0 = Debug|Any CPU
		{CEC4BD3A-FD75-4181-94C7-C09D1BBBDE7C}.Release|Any CPU.ActiveCfg = Release|Any CPU
		{CEC4BD3A-FD75-4181-94C7-C09D1BBBDE7C}.Release|Any CPU.Build.0 = Release|Any CPU
		{CEC4BD3A-FD75-4181-94C7-C09D1BBBDE7C}.Release|x64.ActiveCfg = Release|Any CPU
		{CEC4BD3A-FD75-4181-94C7-C09D1BBBDE7C}.Release|x64.Build.0 = Release|Any CPU
		{CEC4BD3A-FD75-4181-94C7-C09D1BBBDE7C}.Release|x86.ActiveCfg = Release|Any CPU
		{CEC4BD3A-FD75-4181-94C7-C09D1BBBDE7C}.Release|x86.Build.0 = Release|Any CPU
		{4475CFCA-1799-47B9-B30A-216508A8DF96}.Debug|Any CPU.ActiveCfg = Debug|Any CPU
		{4475CFCA-1799-47B9-B30A-216508A8DF96}.Debug|Any CPU.Build.0 = Debug|Any CPU
		{4475CFCA-1799-47B9-B30A-216508A8DF96}.Debug|x64.ActiveCfg = Debug|Any CPU
		{4475CFCA-1799-47B9-B30A-216508A8DF96}.Debug|x64.Build.0 = Debug|Any CPU
		{4475CFCA-1799-47B9-B30A-216508A8DF96}.Debug|x86.ActiveCfg = Debug|Any CPU
		{4475CFCA-1799-47B9-B30A-216508A8DF96}.Debug|x86.Build.0 = Debug|Any CPU
		{4475CFCA-1799-47B9-B30A-216508A8DF96}.Release|Any CPU.ActiveCfg = Release|Any CPU
		{4475CFCA-1799-47B9-B30A-216508A8DF96}.Release|Any CPU.Build.0 = Release|Any CPU
		{4475CFCA-1799-47B9-B30A-216508A8DF96}.Release|x64.ActiveCfg = Release|Any CPU
		{4475CFCA-1799-47B9-B30A-216508A8DF96}.Release|x64.Build.0 = Release|Any CPU
		{4475CFCA-1799-47B9-B30A-216508A8DF96}.Release|x86.ActiveCfg = Release|Any CPU
		{4475CFCA-1799-47B9-B30A-216508A8DF96}.Release|x86.Build.0 = Release|Any CPU
	EndGlobalSection
	GlobalSection(SolutionProperties) = preSolution
		HideSolutionNode = FALSE
	EndGlobalSection
	GlobalSection(NestedProjects) = preSolution
		{39F1D638-EE3C-499A-8310-B782F8263627} = {827E0CD3-B72D-47B6-A68D-7590B98EB39B}
		{C00517D4-6F7E-4CDA-8C6C-C41C63244820} = {827E0CD3-B72D-47B6-A68D-7590B98EB39B}
		{9D68DA0C-E912-4C44-8918-91A353310B5C} = {827E0CD3-B72D-47B6-A68D-7590B98EB39B}
		{5FA5089F-8A39-412C-82B4-3B68AA761241} = {0AB3BF05-4346-4AA6-1389-037BE0695223}
		{8D38FC10-25DD-47ED-8CB4-2FD2176164EA} = {0AB3BF05-4346-4AA6-1389-037BE0695223}
		{87F29666-801E-4AB8-BA2A-4866BAF56638} = {0AB3BF05-4346-4AA6-1389-037BE0695223}
		{5EDFBC15-3055-4A9F-853D-396DE24FF847} = {827E0CD3-B72D-47B6-A68D-7590B98EB39B}
		{7BB08A23-56B8-491E-A41C-27649A541379} = {827E0CD3-B72D-47B6-A68D-7590B98EB39B}
		{4EC25CC8-99AB-4D78-8958-D35602155F3A} = {0AB3BF05-4346-4AA6-1389-037BE0695223}
		{6A2F84AA-8AFF-4AD5-BF62-CA4CAC088BB0} = {0AB3BF05-4346-4AA6-1389-037BE0695223}
		{A2CDB865-4286-4E40-BCE5-59D4B0F93542} = {827E0CD3-B72D-47B6-A68D-7590B98EB39B}
		{F8A18641-98CA-49D2-A4A1-AF907F82EE80} = {0AB3BF05-4346-4AA6-1389-037BE0695223}
		{C52BD55D-9839-479B-8846-CC104453974B} = {827E0CD3-B72D-47B6-A68D-7590B98EB39B}
		{9210640D-E741-4F45-959C-914144FDE847} = {0AB3BF05-4346-4AA6-1389-037BE0695223}
		{0A5DA6F9-5D39-41A3-A5E7-B0E9DAFF2338} = {827E0CD3-B72D-47B6-A68D-7590B98EB39B}
		{C69EC553-895E-4F52-9755-B55944488802} = {827E0CD3-B72D-47B6-A68D-7590B98EB39B}
		{D4E1CB2B-A7D9-4353-B3B9-4A1FDE8AD079} = {0AB3BF05-4346-4AA6-1389-037BE0695223}
		{E1A34277-BA76-4B13-AE5E-E451E19AA561} = {827E0CD3-B72D-47B6-A68D-7590B98EB39B}
		{D360C42A-72A3-4A89-81B1-56D0F62C3282} = {0AB3BF05-4346-4AA6-1389-037BE0695223}
		{74BC424E-F0CD-4157-BDA0-3F58630C0C70} = {827E0CD3-B72D-47B6-A68D-7590B98EB39B}
		{BC1695A0-2BE0-4CAE-9A1A-2AEB7D0B863E} = {0AB3BF05-4346-4AA6-1389-037BE0695223}
		{98DAD2E3-B7AB-4094-BEB5-DA16FB67E2C9} = {827E0CD3-B72D-47B6-A68D-7590B98EB39B}
		{EA28D318-AF85-47F1-B72C-AB5758A8D34A} = {0AB3BF05-4346-4AA6-1389-037BE0695223}
		{63106D9C-D5AE-4E2C-8247-DB266E763F16} = {827E0CD3-B72D-47B6-A68D-7590B98EB39B}
		{CEC4BD3A-FD75-4181-94C7-C09D1BBBDE7C} = {827E0CD3-B72D-47B6-A68D-7590B98EB39B}
		{4475CFCA-1799-47B9-B30A-216508A8DF96} = {0AB3BF05-4346-4AA6-1389-037BE0695223}
	EndGlobalSection
EndGlobal
