{
  "version": 1,
  "dependencies": {
    "net10.0": {
      "minecraftservermanager.contracts": {
        "type": "Project"
      },
      "minecraftservermanager.core": {
        "type": "Project",
        "dependencies": {
          "MinecraftServerManager.GameClient.Contracts": "[1.2.9-beta.10, )"
        }
      },
      "minecraftservermanager.gameclient.contracts": {
        "type": "Project"
      },
      "minecraftservermanager.providerhost": {
        "type": "Project",
        "dependencies": {
          "MinecraftServerManager.Contracts": "[1.2.9-beta.10, )"
        }
      }
    },
    "net10.0/win-x64": {}
  }
}