{
  "version": 1,
  "dependencies": {
    "net10.0-windows7.0": {
      "CmlLib.Core": {
        "type": "Direct",
        "requested": "[4.0.6, )",
        "resolved": "4.0.6",
        "contentHash": "57aUOFdDxfuD+tI3gigMK8jMuICYyw4CvpUj6d5/emdcl+3PscnOBWzj7SzrGRsTZ5RzgavP0dSmRwLfCiZRMA==",
        "dependencies": {
          "CmlLib.Core.Commons": "4.0.0",
          "LZMA-SDK": "19.0.0",
          "SharpZipLib": "1.4.2"
        }
      },
      "CmlLib.Core.Auth.Microsoft": {
        "type": "Direct",
        "requested": "[3.3.1, )",
        "resolved": "3.3.1",
        "contentHash": "olPXBRd9SqwyQKxE7FyqfK/zIrlG88WUgk4F1ubvrhLoZQn0xi3nmzUwM/dYWSObt0JnJSyjy+wqwG7heYtqYA==",
        "dependencies": {
          "CmlLib.Core.Commons": "4.0.0",
          "XboxAuthNet.Game": "1.4.1"
        }
      },
      "Microsoft.Identity.Client": {
        "type": "Direct",
        "requested": "[4.88.0, )",
        "resolved": "4.88.0",
        "contentHash": "7Eg+0J3DQyy/HNMucGScRBCcxetZUJkti8KNxY6K/HtM5BsyYQpc25agW0xxKmjvpaZY9XcEbyUL7DbSkIIcZQ==",
        "dependencies": {
          "Microsoft.IdentityModel.Abstractions": "8.14.0"
        }
      },
      "Microsoft.Identity.Client.Extensions.Msal": {
        "type": "Direct",
        "requested": "[4.88.0, )",
        "resolved": "4.88.0",
        "contentHash": "9thwwy5LGQJuUcTWQ+P22aGD7kFc+03NCEE81fEzQeb1zlXuVPZxfrq/5D5IoXFDRVLdF8UiWLG1rNidmJwkAQ==",
        "dependencies": {
          "Microsoft.Identity.Client": "4.88.0",
          "System.Security.Cryptography.ProtectedData": "4.5.0"
        }
      },
      "System.Security.Cryptography.ProtectedData": {
        "type": "Direct",
        "requested": "[10.0.11, )",
        "resolved": "10.0.11",
        "contentHash": "PNoxCTPb+Tlux+GJyq4c89ddYdpioVSqfGx8pqOF6shCSKwUNNctXhQtRkCICjbJmGrJJsW8NY52kVYO/b8mlQ=="
      },
      "XboxAuthNet.Game.Msal": {
        "type": "Direct",
        "requested": "[0.1.3, )",
        "resolved": "0.1.3",
        "contentHash": "+thPPJUIAlZbN1qvwmD6nVgYOQrmPUvNfRlfg+DEpA8dW5BUiqHxVoI/JUA6ylzxxwAwMTT105EsDvben7Vmog==",
        "dependencies": {
          "Microsoft.Identity.Client": "4.61.3",
          "Microsoft.Identity.Client.Extensions.Msal": "4.61.3",
          "XboxAuthNet.Game": "1.4.1"
        }
      },
      "CmlLib.Core.Commons": {
        "type": "Transitive",
        "resolved": "4.0.0",
        "contentHash": "8yD43GJA9RyFpqR8PGP9LpUKORBgOVXQVwH0OxwXnNp/gNpVQMIiraKdmHbFO5bhO7jujFOg1FdtUIFYYdlykg=="
      },
      "LZMA-SDK": {
        "type": "Transitive",
        "resolved": "19.0.0",
        "contentHash": "/4yPB/YNtttdbxmHifyNUw6rUiBqCCUgeuokXsWvM/X9CDXJq1eQdI9uVgNpJdrzAZhTIAqNzbOP7Z2ogZt+2g=="
      },
      "Microsoft.Extensions.DependencyInjection.Abstractions": {
        "type": "Transitive",
        "resolved": "8.0.1",
        "contentHash": "fGLiCRLMYd00JYpClraLjJTNKLmMJPnqxMaiRzEBIIvevlzxz33mXy39Lkd48hu1G+N21S7QpaO5ZzKsI6FRuA=="
      },
      "Microsoft.Extensions.Logging.Abstractions": {
        "type": "Transitive",
        "resolved": "8.0.1",
        "contentHash": "RIFgaqoaINxkM2KTOw72dmilDmTrYA0ns2KW4lDz4gZ2+o6IQ894CzmdL3StM2oh7QQq44nCWiqKqc4qUI9Jmg==",
        "dependencies": {
          "Microsoft.Extensions.DependencyInjection.Abstractions": "8.0.1"
        }
      },
      "Microsoft.IdentityModel.Abstractions": {
        "type": "Transitive",
        "resolved": "8.14.0",
        "contentHash": "iwbCpSjD3ehfTwBhtSNEtKPK0ICun6ov7Ibx6ISNA9bfwIyzI2Siwyi9eJFCJBwxowK9xcA1mj+jBWiigeqgcQ=="
      },
      "Microsoft.Web.WebView2": {
        "type": "Transitive",
        "resolved": "1.0.1823.32",
        "contentHash": "ppRcWBUNggFIqyJp7PfgS4Oe8/7yli/mHcTNDOaqo3ZzJWnv9AOr0WE9ceEP5SPs1M7CQ3QvdGMR7KNz0v09EA=="
      },
      "SharpZipLib": {
        "type": "Transitive",
        "resolved": "1.4.2",
        "contentHash": "yjj+3zgz8zgXpiiC3ZdF/iyTBbz2fFvMxZFEBPUcwZjIvXOf37Ylm+K58hqMfIBt5JgU/Z2uoUS67JmTLe973A=="
      },
      "XboxAuthNet": {
        "type": "Transitive",
        "resolved": "3.0.4",
        "contentHash": "P9PzZkhULaN4N0/KFFlB4mNTYLcyffoL7Rzo0R6743rKmVCUam+xTfR4NQbS8GXbf+fzliyicRCn9w/BPW31Nw==",
        "dependencies": {
          "Microsoft.Web.WebView2": "1.0.1823.32"
        }
      },
      "XboxAuthNet.Game": {
        "type": "Transitive",
        "resolved": "1.4.1",
        "contentHash": "4EfaNtWc+K4/TxYE7KA3sjSo6xRDogeKEF0zRm0pVsFhVvABxubQ668+ohDflcDFjUX1sWswpvzGbK0zOeb/tw==",
        "dependencies": {
          "Microsoft.Extensions.Logging.Abstractions": "8.0.1",
          "XboxAuthNet": "3.0.4"
        }
      },
      "minecraftservermanager.core": {
        "type": "Project",
        "dependencies": {
          "MinecraftServerManager.GameClient.Contracts": "[1.1.0, )"
        }
      },
      "minecraftservermanager.gameclient.contracts": {
        "type": "Project"
      }
    },
    "net10.0-windows7.0/win-x64": {
      "Microsoft.Web.WebView2": {
        "type": "Transitive",
        "resolved": "1.0.1823.32",
        "contentHash": "ppRcWBUNggFIqyJp7PfgS4Oe8/7yli/mHcTNDOaqo3ZzJWnv9AOr0WE9ceEP5SPs1M7CQ3QvdGMR7KNz0v09EA=="
      }
    }
  }
}